<Solution>
  <Configurations>
    <BuildType Name="Debug" />
    <BuildType Name="Debug-Local" />
    <BuildType Name="Develop" />
    <BuildType Name="Develop-Local" />
    <BuildType Name="Release" />
    <BuildType Name="Release-Local" />
  </Configurations>
  <Folder Name="/src/">
    <Project Path="src/ReferenceAgentActions.Endpoints/ReferenceAgentActions.Endpoints.csproj" />
    <Project Path="src/ReferenceAnalytics.Endpoints/ReferenceAnalytics.Endpoints.csproj" />
    <Project Path="src/ReferenceAudit.Endpoints/ReferenceAudit.Endpoints.csproj" />
    <Project Path="src/ReferenceAuth.Endpoints/ReferenceAuth.Endpoints.csproj" />
    <Project Path="src/ReferenceAuthentication.OpenIddict/ReferenceAuthentication.OpenIddict.csproj" />
    <Project Path="src/ReferenceAuthentication.TokenProviders/ReferenceAuthentication.TokenProviders.csproj" />
    <Project Path="src/ReferenceCalculations.Endpoints/ReferenceCalculations.Endpoints.csproj" />
    <Project Path="src/ReferenceConfiguration.Endpoints/ReferenceConfiguration.Endpoints.csproj" />
    <Project Path="src/ReferenceConnections.Endpoints/ReferenceConnections.Endpoints.csproj" />
    <Project Path="src/ReferenceConnections.Http.ServiceType/ReferenceConnections.Http.ServiceType.csproj" />
    <Project Path="src/ReferenceConnections.Http/ReferenceConnections.Http.csproj" />
    <Project Path="src/ReferenceConnections.MsSql.ServiceType/ReferenceConnections.MsSql.ServiceType.csproj" />
    <Project Path="src/ReferenceConnections.MsSql/ReferenceConnections.MsSql.csproj" />
    <Project Path="src/ReferenceConnections.MsSql.DataVault/ReferenceConnections.MsSql.DataVault.csproj" />
    <Project Path="src/ReferenceConnections.PostgreSql.ServiceType/ReferenceConnections.PostgreSql.ServiceType.csproj" />
    <Project Path="src/ReferenceConnections.PostgreSql/ReferenceConnections.PostgreSql.csproj" />
    <Project Path="src/ReferenceConnections.Sqlite.ServiceType/ReferenceConnections.Sqlite.ServiceType.csproj" />
    <Project Path="src/ReferenceConnections.Sqlite/ReferenceConnections.Sqlite.csproj" />
    <Project Path="src/ReferenceCredentials.Sql/ReferenceCredentials.Sql.csproj" />
    <Project Path="src/ReferenceDataPaths.Templates/ReferenceDataPaths.Templates.csproj" />
    <Project Path="src/ReferenceDataSets.Endpoints/ReferenceDataSets.Endpoints.csproj" />
    <Project Path="src/ReferenceDataStores.Endpoints/ReferenceDataStores.Endpoints.csproj" />
    <Project Path="src/ReferenceDdl.Endpoints/ReferenceDdl.Endpoints.csproj" />
    <Project Path="src/ReferenceEscalation.Endpoints/ReferenceEscalation.Endpoints.csproj" />
    <Project Path="src/ReferenceEtlExecutions.Endpoints/ReferenceEtlExecutions.Endpoints.csproj" />
    <Project Path="src/ReferenceEtlJobs.Endpoints/ReferenceEtlJobs.Endpoints.csproj" />
    <Project Path="src/ReferenceEtlLineage.Endpoints/ReferenceEtlLineage.Endpoints.csproj" />
    <Project Path="src/ReferenceEtlNodes.Endpoints/ReferenceEtlNodes.Endpoints.csproj" />
    <Project Path="src/ReferenceExecution.Endpoints/ReferenceExecution.Endpoints.csproj" />
    <Project Path="src/ReferenceExternalIdentityProviders.Oidc/ReferenceExternalIdentityProviders.Oidc.csproj" />
    <Project Path="src/ReferenceFieldMappings.Endpoints/ReferenceFieldMappings.Endpoints.csproj" />
    <Project Path="src/ReferenceHealth.Endpoints/ReferenceHealth.Endpoints.csproj" />
    <Project Path="src/ReferenceHosting.Middleware/ReferenceHosting.Middleware.csproj" />
    <Project Path="src/ReferenceLineage.Endpoints/ReferenceLineage.Endpoints.csproj" />
    <Project Path="src/ReferenceMessages.Endpoints/ReferenceMessages.Endpoints.csproj" />
    <Project Path="src/ReferenceMultitenancy.Sql/ReferenceMultitenancy.Sql.csproj" />
    <Project Path="src/ReferenceNfl.Endpoints/ReferenceNfl.Endpoints.csproj" />
    <Project Path="src/ReferenceNodes.Endpoints/ReferenceNodes.Endpoints.csproj" />
    <Project Path="src/ReferenceNotifications.Console/ReferenceNotifications.Console.csproj" />
    <Project Path="src/ReferenceNotifications.Email/ReferenceNotifications.Email.csproj" />
    <Project Path="src/ReferenceNotifications.Endpoints/ReferenceNotifications.Endpoints.csproj" />
    <Project Path="src/ReferenceNotifications.System/ReferenceNotifications.System.csproj" />
    <Project Path="src/ReferenceNotifications.Webhook/ReferenceNotifications.Webhook.csproj" />
    <Project Path="src/ReferencePipelines.Endpoints/ReferencePipelines.Endpoints.csproj" />
    <Project Path="src/ReferenceProjects.Endpoints/ReferenceProjects.Endpoints.csproj" />
    <Project Path="src/ReferencePromotion.Endpoints/ReferencePromotion.Endpoints.csproj" />
    <Project Path="src/ReferenceProxy.Endpoints/ReferenceProxy.Endpoints.csproj" />
    <Project Path="src/ReferenceQuality.Endpoints/ReferenceQuality.Endpoints.csproj" />
    <Project Path="src/ReferenceRoles.Endpoints/ReferenceRoles.Endpoints.csproj" />
    <Project Path="src/ReferenceSchedules.Endpoints/ReferenceSchedules.Endpoints.csproj" />
    <Project Path="src/ReferenceSchema.Endpoints/ReferenceSchema.Endpoints.csproj" />
    <Project Path="src/ReferenceSecretManagers.AzureKeyVault/ReferenceSecretManagers.AzureKeyVault.csproj" />
    <Project Path="src/ReferenceSecretManagers.Endpoints/ReferenceSecretManagers.Endpoints.csproj" />
    <Project Path="src/ReferenceSecretManagers.EnvironmentVariable/ReferenceSecretManagers.EnvironmentVariable.csproj" />
    <Project Path="src/ReferenceSecretManagers.MsSql/ReferenceSecretManagers.MsSql.csproj" />
    <Project Path="src/ReferenceSecretManagers.Sqlite/ReferenceSecretManagers.Sqlite.csproj" />
    <Project Path="src/ReferenceSecretManagers.UserSecrets/ReferenceSecretManagers.UserSecrets.csproj" />
    <Project Path="src/ReferenceSessionState.Endpoints/ReferenceSessionState.Endpoints.csproj" />
    <Project Path="src/ReferenceSettings.Endpoints/ReferenceSettings.Endpoints.csproj" />
    <Project Path="src/ReferenceShared.Endpoints/ReferenceShared.Endpoints.csproj" />
    <Project Path="src/ReferenceTenants.Endpoints/ReferenceTenants.Endpoints.csproj" />
    <Project Path="src/ReferenceTransformations.Endpoints/ReferenceTransformations.Endpoints.csproj" />
    <Project Path="src/ReferenceUsers.Endpoints/ReferenceUsers.Endpoints.csproj" />
    <Project Path="src/ReferenceVisualization.Endpoints/ReferenceVisualization.Endpoints.csproj" />
  </Folder>
  <Folder Name="/tests/">
    <Project Path="tests/ReferenceAuthentication.TokenProviders.Tests/ReferenceAuthentication.TokenProviders.Tests.csproj">
      <BuildType Solution="Debug-Local|*" Project="Debug" />
      <BuildType Solution="Develop-Local|*" Project="Debug" />
      <BuildType Solution="Develop|*" Project="Debug" />
      <BuildType Solution="Release-Local|*" Project="Debug" />
    </Project>
    <Project Path="tests/ReferenceConnections.Authentication.OpenIddict.Tests/ReferenceConnections.Authentication.OpenIddict.Tests.csproj" />
    <Project Path="tests/ReferenceConnections.Data.Tests/ReferenceConnections.Data.Tests.csproj" />
    <Project Path="tests/ReferenceConnections.Http.Tests/ReferenceConnections.Http.Tests.csproj" />
    <Project Path="tests/ReferenceConnections.MsSql.Tests/ReferenceConnections.MsSql.Tests.csproj" />
    <Project Path="tests/ReferenceConnections.Sqlite.Tests/ReferenceConnections.Sqlite.Tests.csproj" />
    <Project Path="tests/ReferenceCredentials.Sql.Tests/ReferenceCredentials.Sql.Tests.csproj" />
    <Project Path="tests/ReferenceDataPaths.Templates.Tests/ReferenceDataPaths.Templates.Tests.csproj">
      <BuildType Solution="Debug-Local|*" Project="Debug" />
      <BuildType Solution="Develop-Local|*" Project="Debug" />
      <BuildType Solution="Develop|*" Project="Debug" />
      <BuildType Solution="Release-Local|*" Project="Debug" />
    </Project>
    <Project Path="tests/ReferenceExternalIdentityProviders.Oidc.Tests/ReferenceExternalIdentityProviders.Oidc.Tests.csproj">
      <BuildType Solution="Debug-Local|*" Project="Debug" />
      <BuildType Solution="Develop-Local|*" Project="Debug" />
      <BuildType Solution="Develop|*" Project="Debug" />
      <BuildType Solution="Release-Local|*" Project="Debug" />
    </Project>
    <Project Path="tests/ReferenceHosting.Middleware.Tests/ReferenceHosting.Middleware.Tests.csproj">
      <BuildType Solution="Debug-Local|*" Project="Debug" />
      <BuildType Solution="Develop-Local|*" Project="Debug" />
      <BuildType Solution="Develop|*" Project="Debug" />
      <BuildType Solution="Release-Local|*" Project="Debug" />
    </Project>
    <Project Path="tests/ReferenceMultitenancy.Sql.Tests/ReferenceMultitenancy.Sql.Tests.csproj" />
    <Project Path="tests/ReferenceNotifications.Console.Tests/ReferenceNotifications.Console.Tests.csproj" />
    <Project Path="tests/ReferenceNotifications.Webhook.Tests/ReferenceNotifications.Webhook.Tests.csproj" />
    <Project Path="tests/ReferenceSecretManagers.AzureKeyVault.Tests/ReferenceSecretManagers.AzureKeyVault.Tests.csproj" />
    <Project Path="tests/ReferenceSecretManagers.EnvironmentVariable.Tests/ReferenceSecretManagers.EnvironmentVariable.Tests.csproj" />
    <Project Path="tests/ReferenceSecretManagers.Sqlite.Tests/ReferenceSecretManagers.Sqlite.Tests.csproj" />
  </Folder>
</Solution>
